// !$*UTF8*$!
{
	archiveVersion = 1;
	classes = {
	};
	objectVersion = 56;
	objects = {

/* Begin PBXBuildFile section */
		A1000001221F0000000001 /* WheelLogApp.swift in Sources */ = {isa = PBXBuildFile; fileRef = A1000001221F0000000011 /* WheelLogApp.swift */; };
		A1000001221F0000000002 /* ContentView.swift in Sources */ = {isa = PBXBuildFile; fileRef = A1000001221F0000000012 /* ContentView.swift */; };
		A1000001221F0000000003 /* Assets.xcassets in Resources */ = {isa = PBXBuildFile; fileRef = A1000001221F0000000013 /* Assets.xcassets */; };
		A1000001221F0000000004 /* WheelManager.swift in Sources */ = {isa = PBXBuildFile; fileRef = A1000001221F0000000014 /* WheelManager.swift */; };
		A1000001221F0000000005 /* StateFlowObserver.swift in Sources */ = {isa = PBXBuildFile; fileRef = A1000001221F0000000015 /* StateFlowObserver.swift */; };
		A1000001221F0000000006 /* ScanView.swift in Sources */ = {isa = PBXBuildFile; fileRef = A1000001221F0000000016 /* ScanView.swift */; };
		A1000001221F0000000007 /* DashboardView.swift in Sources */ = {isa = PBXBuildFile; fileRef = A1000001221F0000000017 /* DashboardView.swift */; };
		A1000001221F0000000008 /* SpeedGaugeView.swift in Sources */ = {isa = PBXBuildFile; fileRef = A1000001221F0000000018 /* SpeedGaugeView.swift */; };
		A1000001221F0000000009 /* ConnectionBanner.swift in Sources */ = {isa = PBXBuildFile; fileRef = A1000001221F0000000019 /* ConnectionBanner.swift */; };
		A1000001221F000000000B /* SettingsView.swift in Sources */ = {isa = PBXBuildFile; fileRef = A1000001221F000000001C /* SettingsView.swift */; };
		B1000001221F0000000011 /* AlarmManager.swift in Sources */ = {isa = PBXBuildFile; fileRef = B1000001221F0000000001 /* AlarmManager.swift */; };
		B1000001221F0000000012 /* AutoReconnectManager.swift in Sources */ = {isa = PBXBuildFile; fileRef = B1000001221F0000000002 /* AutoReconnectManager.swift */; };
		B1000001221F0000000013 /* BackgroundManager.swift in Sources */ = {isa = PBXBuildFile; fileRef = B1000001221F0000000003 /* BackgroundManager.swift */; };
		B1000001221F0000000014 /* LocationManager.swift in Sources */ = {isa = PBXBuildFile; fileRef = B1000001221F0000000004 /* LocationManager.swift */; };
		B1000001221F0000000015 /* RideLogger.swift in Sources */ = {isa = PBXBuildFile; fileRef = B1000001221F0000000005 /* RideLogger.swift */; };
		B1000001221F0000000016 /* RideStore.swift in Sources */ = {isa = PBXBuildFile; fileRef = B1000001221F0000000006 /* RideStore.swift */; };
		B1000001221F0000000017 /* TelemetryBuffer.swift in Sources */ = {isa = PBXBuildFile; fileRef = B1000001221F0000000007 /* TelemetryBuffer.swift */; };
		B1000001221F0000000018 /* ChartView.swift in Sources */ = {isa = PBXBuildFile; fileRef = B1000001221F0000000008 /* ChartView.swift */; };
		B1000001221F0000000019 /* RidesView.swift in Sources */ = {isa = PBXBuildFile; fileRef = B1000001221F0000000009 /* RidesView.swift */; };
		B1000001221F000000001A /* SmartBmsView.swift in Sources */ = {isa = PBXBuildFile; fileRef = B1000001221F000000000A /* SmartBmsView.swift */; };
		C1000001221F000000001B /* GaugeTileView.swift in Sources */ = {isa = PBXBuildFile; fileRef = C1000001221F000000000B /* GaugeTileView.swift */; };
		C1000001221F000000001C /* MetricDetailView.swift in Sources */ = {isa = PBXBuildFile; fileRef = C1000001221F000000000C /* MetricDetailView.swift */; };
		D1000001221F000000001D /* WheelSettingsView.swift in Sources */ = {isa = PBXBuildFile; fileRef = D1000001221F000000000D /* WheelSettingsView.swift */; };
/* End PBXBuildFile section */

/* Begin PBXFileReference section */
		A1000001221F0000000011 /* WheelLogApp.swift */ = {isa = PBXFileReference; lastKnownFileType = sourcecode.swift; path = WheelLogApp.swift; sourceTree = "<group>"; };
		A1000001221F0000000012 /* ContentView.swift */ = {isa = PBXFileReference; lastKnownFileType = sourcecode.swift; path = ContentView.swift; sourceTree = "<group>"; };
		A1000001221F0000000013 /* Assets.xcassets */ = {isa = PBXFileReference; lastKnownFileType = folder.assetcatalog; path = Assets.xcassets; sourceTree = "<group>"; };
		A1000001221F0000000014 /* WheelManager.swift */ = {isa = PBXFileReference; lastKnownFileType = sourcecode.swift; path = WheelManager.swift; sourceTree = "<group>"; };
		A1000001221F0000000015 /* StateFlowObserver.swift */ = {isa = PBXFileReference; lastKnownFileType = sourcecode.swift; path = StateFlowObserver.swift; sourceTree = "<group>"; };
		A1000001221F0000000016 /* ScanView.swift */ = {isa = PBXFileReference; lastKnownFileType = sourcecode.swift; path = ScanView.swift; sourceTree = "<group>"; };
		A1000001221F0000000017 /* DashboardView.swift */ = {isa = PBXFileReference; lastKnownFileType = sourcecode.swift; path = DashboardView.swift; sourceTree = "<group>"; };
		A1000001221F0000000018 /* SpeedGaugeView.swift */ = {isa = PBXFileReference; lastKnownFileType = sourcecode.swift; path = SpeedGaugeView.swift; sourceTree = "<group>"; };
		A1000001221F0000000019 /* ConnectionBanner.swift */ = {isa = PBXFileReference; lastKnownFileType = sourcecode.swift; path = ConnectionBanner.swift; sourceTree = "<group>"; };
		A1000001221F000000001A /* Info.plist */ = {isa = PBXFileReference; lastKnownFileType = text.plist.xml; path = Info.plist; sourceTree = "<group>"; };
		A1000001221F000000001C /* SettingsView.swift */ = {isa = PBXFileReference; lastKnownFileType = sourcecode.swift; path = SettingsView.swift; sourceTree = "<group>"; };
		A1000001221F0000000100 /* WheelLog.app */ = {isa = PBXFileReference; explicitFileType = wrapper.application; includeInIndex = 0; path = WheelLog.app; sourceTree = BUILT_PRODUCTS_DIR; };
		B1000001221F0000000001 /* AlarmManager.swift */ = {isa = PBXFileReference; lastKnownFileType = sourcecode.swift; path = AlarmManager.swift; sourceTree = "<group>"; };
		B1000001221F0000000002 /* AutoReconnectManager.swift */ = {isa = PBXFileReference; lastKnownFileType = sourcecode.swift; path = AutoReconnectManager.swift; sourceTree = "<group>"; };
		B1000001221F0000000003 /* BackgroundManager.swift */ = {isa = PBXFileReference; lastKnownFileType = sourcecode.swift; path = BackgroundManager.swift; sourceTree = "<group>"; };
		B1000001221F0000000004 /* LocationManager.swift */ = {isa = PBXFileReference; lastKnownFileType = sourcecode.swift; path = LocationManager.swift; sourceTree = "<group>"; };
		B1000001221F0000000005 /* RideLogger.swift */ = {isa = PBXFileReference; lastKnownFileType = sourcecode.swift; path = RideLogger.swift; sourceTree = "<group>"; };
		B1000001221F0000000006 /* RideStore.swift */ = {isa = PBXFileReference; lastKnownFileType = sourcecode.swift; path = RideStore.swift; sourceTree = "<group>"; };
		B1000001221F0000000007 /* TelemetryBuffer.swift */ = {isa = PBXFileReference; lastKnownFileType = sourcecode.swift; path = TelemetryBuffer.swift; sourceTree = "<group>"; };
		B1000001221F0000000008 /* ChartView.swift */ = {isa = PBXFileReference; lastKnownFileType = sourcecode.swift; path = ChartView.swift; sourceTree = "<group>"; };
		B1000001221F0000000009 /* RidesView.swift */ = {isa = PBXFileReference; lastKnownFileType = sourcecode.swift; path = RidesView.swift; sourceTree = "<group>"; };
		B1000001221F000000000A /* SmartBmsView.swift */ = {isa = PBXFileReference; lastKnownFileType = sourcecode.swift; path = SmartBmsView.swift; sourceTree = "<group>"; };
		C1000001221F000000000B /* GaugeTileView.swift */ = {isa = PBXFileReference; lastKnownFileType = sourcecode.swift; path = GaugeTileView.swift; sourceTree = "<group>"; };
		C1000001221F000000000C /* MetricDetailView.swift */ = {isa = PBXFileReference; lastKnownFileType = sourcecode.swift; path = MetricDetailView.swift; sourceTree = "<group>"; };
		D1000001221F000000000D /* WheelSettingsView.swift */ = {isa = PBXFileReference; lastKnownFileType = sourcecode.swift; path = WheelSettingsView.swift; sourceTree = "<group>"; };
/* End PBXFileReference section */

/* Begin PBXFrameworksBuildPhase section */
		A1000001221F0000000200 /* Frameworks */ = {
			isa = PBXFrameworksBuildPhase;
			buildActionMask = 2147483647;
			files = (
			);
			runOnlyForDeploymentPostprocessing = 0;
		};
/* End PBXFrameworksBuildPhase section */

/* Begin PBXGroup section */
		A1000001221F0000000300 = {
			isa = PBXGroup;
			children = (
				A1000001221F0000000301 /* WheelLog */,
				A1000001221F0000000302 /* Products */,
				A1000001221F0000000303 /* Frameworks */,
			);
			sourceTree = "<group>";
		};
		A1000001221F0000000301 /* WheelLog */ = {
			isa = PBXGroup;
			children = (
				A1000001221F0000000011 /* WheelLogApp.swift */,
				A1000001221F0000000012 /* ContentView.swift */,
				A1000001221F000000001A /* Info.plist */,
				A1000001221F0000000304 /* Bridge */,
				A1000001221F0000000305 /* Views */,
				A1000001221F0000000013 /* Assets.xcassets */,
			);
			path = WheelLog;
			sourceTree = "<group>";
		};
		A1000001221F0000000302 /* Products */ = {
			isa = PBXGroup;
			children = (
				A1000001221F0000000100 /* WheelLog.app */,
			);
			name = Products;
			sourceTree = "<group>";
		};
		A1000001221F0000000303 /* Frameworks */ = {
			isa = PBXGroup;
			children = (
			);
			name = Frameworks;
			sourceTree = "<group>";
		};
		A1000001221F0000000304 /* Bridge */ = {
			isa = PBXGroup;
			children = (
				A1000001221F0000000014 /* WheelManager.swift */,
				A1000001221F0000000015 /* StateFlowObserver.swift */,
				B1000001221F0000000001 /* AlarmManager.swift */,
				B1000001221F0000000002 /* AutoReconnectManager.swift */,
				B1000001221F0000000003 /* BackgroundManager.swift */,
				B1000001221F0000000004 /* LocationManager.swift */,
				B1000001221F0000000005 /* RideLogger.swift */,
				B1000001221F0000000006 /* RideStore.swift */,
				B1000001221F0000000007 /* TelemetryBuffer.swift */,
			);
			path = Bridge;
			sourceTree = "<group>";
		};
		A1000001221F0000000305 /* Views */ = {
			isa = PBXGroup;
			children = (
				A1000001221F0000000016 /* ScanView.swift */,
				A1000001221F0000000017 /* DashboardView.swift */,
				A1000001221F0000000018 /* SpeedGaugeView.swift */,
				A1000001221F0000000019 /* ConnectionBanner.swift */,
				A1000001221F000000001C /* SettingsView.swift */,
				B1000001221F0000000008 /* ChartView.swift */,
				B1000001221F0000000009 /* RidesView.swift */,
				B1000001221F000000000A /* SmartBmsView.swift */,
				C1000001221F000000000B /* GaugeTileView.swift */,
				C1000001221F000000000C /* MetricDetailView.swift */,
				D1000001221F000000000D /* WheelSettingsView.swift */,
			);
			path = Views;
			sourceTree = "<group>";
		};
/* End PBXGroup section */

/* Begin PBXNativeTarget section */
		A1000001221F0000000400 /* WheelLog */ = {
			isa = PBXNativeTarget;
			buildConfigurationList = A1000001221F0000000600 /* Build configuration list for PBXNativeTarget "WheelLog" */;
			buildPhases = (
				A1000001221F0000000401 /* Build KMP Framework */,
				A1000001221F0000000500 /* Sources */,
				A1000001221F0000000200 /* Frameworks */,
				A1000001221F0000000501 /* Resources */,
			);
			buildRules = (
			);
			dependencies = (
			);
			name = WheelLog;
			productName = WheelLog;
			productReference = A1000001221F0000000100 /* WheelLog.app */;
			productType = "com.apple.product-type.application";
		};
/* End PBXNativeTarget section */

/* Begin PBXProject section */
		A1000001221F0000000700 /* Project object */ = {
			isa = PBXProject;
			attributes = {
				BuildIndependentTargetsInParallel = 1;
				LastSwiftUpdateCheck = 1500;
				LastUpgradeCheck = 1500;
				TargetAttributes = {
					A1000001221F0000000400 = {
						CreatedOnToolsVersion = 15.0;
					};
				};
			};
			buildConfigurationList = A1000001221F0000000800 /* Build configuration list for PBXProject "WheelLog" */;
			compatibilityVersion = "Xcode 14.0";
			developmentRegion = en;
			hasScannedForEncodings = 0;
			knownRegions = (
				en,
				Base,
			);
			mainGroup = A1000001221F0000000300;
			productRefGroup = A1000001221F0000000302 /* Products */;
			projectDirPath = "";
			projectRoot = "";
			targets = (
				A1000001221F0000000400 /* WheelLog */,
			);
		};
/* End PBXProject section */

/* Begin PBXResourcesBuildPhase section */
		A1000001221F0000000501 /* Resources */ = {
			isa = PBXResourcesBuildPhase;
			buildActionMask = 2147483647;
			files = (
				A1000001221F0000000003 /* Assets.xcassets in Resources */,
			);
			runOnlyForDeploymentPostprocessing = 0;
		};
/* End PBXResourcesBuildPhase section */

/* Begin PBXShellScriptBuildPhase section */
		A1000001221F0000000401 /* Build KMP Framework */ = {
			isa = PBXShellScriptBuildPhase;
			alwaysOutOfDate = 1;
			buildActionMask = 2147483647;
			files = (
			);
			inputFileListPaths = (
			);
			inputPaths = (
			);
			name = "Build KMP Framework";
			outputFileListPaths = (
			);
			outputPaths = (
			);
			runOnlyForDeploymentPostprocessing = 0;
			shellPath = /bin/sh;
			shellScript = "\"$SRCROOT/Scripts/build-kmp-framework.sh\"\n";
		};
/* End PBXShellScriptBuildPhase section */

/* Begin PBXSourcesBuildPhase section */
		A1000001221F0000000500 /* Sources */ = {
			isa = PBXSourcesBuildPhase;
			buildActionMask = 2147483647;
			files = (
				A1000001221F0000000001 /* WheelLogApp.swift in Sources */,
				A1000001221F0000000002 /* ContentView.swift in Sources */,
				A1000001221F0000000004 /* WheelManager.swift in Sources */,
				A1000001221F0000000005 /* StateFlowObserver.swift in Sources */,
				A1000001221F0000000006 /* ScanView.swift in Sources */,
				A1000001221F0000000007 /* DashboardView.swift in Sources */,
				A1000001221F0000000008 /* SpeedGaugeView.swift in Sources */,
				A1000001221F0000000009 /* ConnectionBanner.swift in Sources */,
				A1000001221F000000000B /* SettingsView.swift in Sources */,
				B1000001221F0000000011 /* AlarmManager.swift in Sources */,
				B1000001221F0000000012 /* AutoReconnectManager.swift in Sources */,
				B1000001221F0000000013 /* BackgroundManager.swift in Sources */,
				B1000001221F0000000014 /* LocationManager.swift in Sources */,
				B1000001221F0000000015 /* RideLogger.swift in Sources */,
				B1000001221F0000000016 /* RideStore.swift in Sources */,
				B1000001221F0000000017 /* TelemetryBuffer.swift in Sources */,
				B1000001221F0000000018 /* ChartView.swift in Sources */,
				B1000001221F0000000019 /* RidesView.swift in Sources */,
				B1000001221F000000001A /* SmartBmsView.swift in Sources */,
				C1000001221F000000001B /* GaugeTileView.swift in Sources */,
				C1000001221F000000001C /* MetricDetailView.swift in Sources */,
				D1000001221F000000001D /* WheelSettingsView.swift in Sources */,
			);
			runOnlyForDeploymentPostprocessing = 0;
		};
/* End PBXSourcesBuildPhase section */

/* Begin XCBuildConfiguration section */
		A1000001221F0000000901 /* Debug */ = {
			isa = XCBuildConfiguration;
			buildSettings = {
				ALWAYS_SEARCH_USER_PATHS = NO;
				ASSETCATALOG_COMPILER_GENERATE_SWIFT_ASSET_SYMBOL_EXTENSIONS = YES;
				CLANG_ANALYZER_NONNULL = YES;
				CLANG_ANALYZER_NUMBER_OBJECT_CONVERSION = YES_AGGRESSIVE;
				CLANG_CXX_LANGUAGE_STANDARD = "gnu++20";
				CLANG_ENABLE_MODULES = YES;
				CLANG_ENABLE_OBJC_ARC = YES;
				CLANG_ENABLE_OBJC_WEAK = YES;
				CLANG_WARN_BLOCK_CAPTURE_AUTORELEASING = YES;
				CLANG_WARN_BOOL_CONVERSION = YES;
				CLANG_WARN_COMMA = YES;
				CLANG_WARN_CONSTANT_CONVERSION = YES;
				CLANG_WARN_DEPRECATED_OBJC_IMPLEMENTATIONS = YES;
				CLANG_WARN_DIRECT_OBJC_ISA_USAGE = YES_ERROR;
				CLANG_WARN_DOCUMENTATION_COMMENTS = YES;
				CLANG_WARN_EMPTY_BODY = YES;
				CLANG_WARN_ENUM_CONVERSION = YES;
				CLANG_WARN_INFINITE_RECURSION = YES;
				CLANG_WARN_INT_CONVERSION = YES;
				CLANG_WARN_NON_LITERAL_NULL_CONVERSION = YES;
				CLANG_WARN_OBJC_IMPLICIT_RETAIN_SELF = YES;
				CLANG_WARN_OBJC_LITERAL_CONVERSION = YES;
				CLANG_WARN_OBJC_ROOT_CLASS = YES_ERROR;
				CLANG_WARN_QUOTED_INCLUDE_IN_FRAMEWORK_HEADER = YES;
				CLANG_WARN_RANGE_LOOP_ANALYSIS = YES;
				CLANG_WARN_STRICT_PROTOTYPES = YES;
				CLANG_WARN_SUSPICIOUS_MOVE = YES;
				CLANG_WARN_UNGUARDED_AVAILABILITY = YES_AGGRESSIVE;
				CLANG_WARN_UNREACHABLE_CODE = YES;
				CLANG_WARN__DUPLICATE_METHOD_MATCH = YES;
				COPY_PHASE_STRIP = NO;
				DEBUG_INFORMATION_FORMAT = dwarf;
				ENABLE_STRICT_OBJC_MSGSEND = YES;
				ENABLE_TESTABILITY = YES;
				ENABLE_USER_SCRIPT_SANDBOXING = NO;
				GCC_C_LANGUAGE_STANDARD = gnu17;
				GCC_DYNAMIC_NO_PIC = NO;
				GCC_NO_COMMON_BLOCKS = YES;
				GCC_OPTIMIZATION_LEVEL = 0;
				GCC_PREPROCESSOR_DEFINITIONS = (
					"DEBUG=1",
					"$(inherited)",
				);
				GCC_WARN_64_TO_32_BIT_CONVERSION = YES;
				GCC_WARN_ABOUT_RETURN_TYPE = YES_ERROR;
				GCC_WARN_UNDECLARED_SELECTOR = YES;
				GCC_WARN_UNINITIALIZED_AUTOS = YES_AGGRESSIVE;
				GCC_WARN_UNUSED_FUNCTION = YES;
				GCC_WARN_UNUSED_VARIABLE = YES;
				IPHONEOS_DEPLOYMENT_TARGET = 16.0;
				LOCALIZATION_PREFERS_STRING_CATALOGS = YES;
				MTL_ENABLE_DEBUG_INFO = INCLUDE_SOURCE;
				MTL_FAST_MATH = YES;
				ONLY_ACTIVE_ARCH = YES;
				SDKROOT = iphoneos;
				SWIFT_ACTIVE_COMPILATION_CONDITIONS = "DEBUG $(inherited)";
				SWIFT_OPTIMIZATION_LEVEL = "-Onone";
			};
			name = Debug;
		};
		A1000001221F0000000902 /* Release */ = {
			isa = XCBuildConfiguration;
			buildSettings = {
				ALWAYS_SEARCH_USER_PATHS = NO;
				ASSETCATALOG_COMPILER_GENERATE_SWIFT_ASSET_SYMBOL_EXTENSIONS = YES;
				CLANG_ANALYZER_NONNULL = YES;
				CLANG_ANALYZER_NUMBER_OBJECT_CONVERSION = YES_AGGRESSIVE;
				CLANG_CXX_LANGUAGE_STANDARD = "gnu++20";
				CLANG_ENABLE_MODULES = YES;
				CLANG_ENABLE_OBJC_ARC = YES;
				CLANG_ENABLE_OBJC_WEAK = YES;
				CLANG_WARN_BLOCK_CAPTURE_AUTORELEASING = YES;
				CLANG_WARN_BOOL_CONVERSION = YES;
				CLANG_WARN_COMMA = YES;
				CLANG_WARN_CONSTANT_CONVERSION = YES;
				CLANG_WARN_DEPRECATED_OBJC_IMPLEMENTATIONS = YES;
				CLANG_WARN_DIRECT_OBJC_ISA_USAGE = YES_ERROR;
				CLANG_WARN_DOCUMENTATION_COMMENTS = YES;
				CLANG_WARN_EMPTY_BODY = YES;
				CLANG_WARN_ENUM_CONVERSION = YES;
				CLANG_WARN_INFINITE_RECURSION = YES;
				CLANG_WARN_INT_CONVERSION = YES;
				CLANG_WARN_NON_LITERAL_NULL_CONVERSION = YES;
				CLANG_WARN_OBJC_IMPLICIT_RETAIN_SELF = YES;
				CLANG_WARN_OBJC_LITERAL_CONVERSION = YES;
				CLANG_WARN_OBJC_ROOT_CLASS = YES_ERROR;
				CLANG_WARN_QUOTED_INCLUDE_IN_FRAMEWORK_HEADER = YES;
				CLANG_WARN_RANGE_LOOP_ANALYSIS = YES;
				CLANG_WARN_STRICT_PROTOTYPES = YES;
				CLANG_WARN_SUSPICIOUS_MOVE = YES;
				CLANG_WARN_UNGUARDED_AVAILABILITY = YES_AGGRESSIVE;
				CLANG_WARN_UNREACHABLE_CODE = YES;
				CLANG_WARN__DUPLICATE_METHOD_MATCH = YES;
				COPY_PHASE_STRIP = NO;
				DEBUG_INFORMATION_FORMAT = "dwarf-with-dsym";
				ENABLE_NS_ASSERTIONS = NO;
				ENABLE_STRICT_OBJC_MSGSEND = YES;
				ENABLE_USER_SCRIPT_SANDBOXING = NO;
				GCC_C_LANGUAGE_STANDARD = gnu17;
				GCC_NO_COMMON_BLOCKS = YES;
				GCC_WARN_64_TO_32_BIT_CONVERSION = YES;
				GCC_WARN_ABOUT_RETURN_TYPE = YES_ERROR;
				GCC_WARN_UNDECLARED_SELECTOR = YES;
				GCC_WARN_UNINITIALIZED_AUTOS = YES_AGGRESSIVE;
				GCC_WARN_UNUSED_FUNCTION = YES;
				GCC_WARN_UNUSED_VARIABLE = YES;
				IPHONEOS_DEPLOYMENT_TARGET = 16.0;
				LOCALIZATION_PREFERS_STRING_CATALOGS = YES;
				MTL_ENABLE_DEBUG_INFO = NO;
				MTL_FAST_MATH = YES;
				SDKROOT = iphoneos;
				SWIFT_COMPILATION_MODE = wholemodule;
				VALIDATE_PRODUCT = YES;
			};
			name = Release;
		};
		A1000001221F0000000903 /* Debug */ = {
			isa = XCBuildConfiguration;
			buildSettings = {
				ASSETCATALOG_COMPILER_APPICON_NAME = AppIcon;
				ASSETCATALOG_COMPILER_GLOBAL_ACCENT_COLOR_NAME = AccentColor;
				CODE_SIGN_STYLE = Automatic;
				CURRENT_PROJECT_VERSION = 1;
				DEVELOPMENT_TEAM = VUTS936LBT;
				ENABLE_BITCODE = NO;
				ENABLE_PREVIEWS = YES;
				"FRAMEWORK_SEARCH_PATHS[sdk=iphoneos*]" = (
					"$(inherited)",
					"$(SRCROOT)/../core/build/bin/iosArm64/releaseFramework",
				);
				"FRAMEWORK_SEARCH_PATHS[sdk=iphonesimulator*]" = (
					"$(inherited)",
					"$(SRCROOT)/../core/build/bin/iosSimulatorArm64/releaseFramework",
					"$(SRCROOT)/../core/build/bin/iosX64/releaseFramework",
				);
				GENERATE_INFOPLIST_FILE = NO;
				INFOPLIST_FILE = WheelLog/Info.plist;
				INFOPLIST_KEY_CFBundleDisplayName = WheelLog;
				INFOPLIST_KEY_LSApplicationCategoryType = "public.app-category.utilities";
				INFOPLIST_KEY_UIApplicationSceneManifest_Generation = YES;
				INFOPLIST_KEY_UIApplicationSupportsIndirectInputEvents = YES;
				INFOPLIST_KEY_UILaunchScreen_Generation = YES;
				INFOPLIST_KEY_UISupportedInterfaceOrientations_iPad = "UIInterfaceOrientationPortrait UIInterfaceOrientationPortraitUpsideDown UIInterfaceOrientationLandscapeLeft UIInterfaceOrientationLandscapeRight";
				INFOPLIST_KEY_UISupportedInterfaceOrientations_iPhone = "UIInterfaceOrientationPortrait UIInterfaceOrientationLandscapeLeft UIInterfaceOrientationLandscapeRight";
				LD_RUNPATH_SEARCH_PATHS = (
					"$(inherited)",
					"@executable_path/Frameworks",
				);
				MARKETING_VERSION = 1.0;
				OTHER_LDFLAGS = (
					"$(inherited)",
					"-framework",
					WheelLogCore,
				);
				PRODUCT_BUNDLE_IDENTIFIER = com.wheellog.ios;
				PRODUCT_NAME = "$(TARGET_NAME)";
				SWIFT_EMIT_LOC_STRINGS = YES;
				SWIFT_VERSION = 5.0;
				TARGETED_DEVICE_FAMILY = "1,2";
			};
			name = Debug;
		};
		A1000001221F0000000904 /* Release */ = {
			isa = XCBuildConfiguration;
			buildSettings = {
				ASSETCATALOG_COMPILER_APPICON_NAME = AppIcon;
				ASSETCATALOG_COMPILER_GLOBAL_ACCENT_COLOR_NAME = AccentColor;
				CODE_SIGN_STYLE = Automatic;
				CURRENT_PROJECT_VERSION = 1;
				DEVELOPMENT_TEAM = VUTS936LBT;
				ENABLE_BITCODE = NO;
				ENABLE_PREVIEWS = YES;
				"FRAMEWORK_SEARCH_PATHS[sdk=iphoneos*]" = (
					"$(inherited)",
					"$(SRCROOT)/../core/build/bin/iosArm64/releaseFramework",
				);
				"FRAMEWORK_SEARCH_PATHS[sdk=iphonesimulator*]" = (
					"$(inherited)",
					"$(SRCROOT)/../core/build/bin/iosSimulatorArm64/releaseFramework",
					"$(SRCROOT)/../core/build/bin/iosX64/releaseFramework",
				);
				GENERATE_INFOPLIST_FILE = NO;
				INFOPLIST_FILE = WheelLog/Info.plist;
				INFOPLIST_KEY_CFBundleDisplayName = WheelLog;
				INFOPLIST_KEY_LSApplicationCategoryType = "public.app-category.utilities";
				INFOPLIST_KEY_UIApplicationSceneManifest_Generation = YES;
				INFOPLIST_KEY_UIApplicationSupportsIndirectInputEvents = YES;
				INFOPLIST_KEY_UILaunchScreen_Generation = YES;
				INFOPLIST_KEY_UISupportedInterfaceOrientations_iPad = "UIInterfaceOrientationPortrait UIInterfaceOrientationPortraitUpsideDown UIInterfaceOrientationLandscapeLeft UIInterfaceOrientationLandscapeRight";
				INFOPLIST_KEY_UISupportedInterfaceOrientations_iPhone = "UIInterfaceOrientationPortrait UIInterfaceOrientationLandscapeLeft UIInterfaceOrientationLandscapeRight";
				LD_RUNPATH_SEARCH_PATHS = (
					"$(inherited)",
					"@executable_path/Frameworks",
				);
				MARKETING_VERSION = 1.0;
				OTHER_LDFLAGS = (
					"$(inherited)",
					"-framework",
					WheelLogCore,
				);
				PRODUCT_BUNDLE_IDENTIFIER = com.wheellog.ios;
				PRODUCT_NAME = "$(TARGET_NAME)";
				SWIFT_EMIT_LOC_STRINGS = YES;
				SWIFT_VERSION = 5.0;
				TARGETED_DEVICE_FAMILY = "1,2";
			};
			name = Release;
		};
/* End XCBuildConfiguration section */

/* Begin XCConfigurationList section */
		A1000001221F0000000600 /* Build configuration list for PBXNativeTarget "WheelLog" */ = {
			isa = XCConfigurationList;
			buildConfigurations = (
				A1000001221F0000000903 /* Debug */,
				A1000001221F0000000904 /* Release */,
			);
			defaultConfigurationIsVisible = 0;
			defaultConfigurationName = Release;
		};
		A1000001221F0000000800 /* Build configuration list for PBXProject "WheelLog" */ = {
			isa = XCConfigurationList;
			buildConfigurations = (
				A1000001221F0000000901 /* Debug */,
				A1000001221F0000000902 /* Release */,
			);
			defaultConfigurationIsVisible = 0;
			defaultConfigurationName = Release;
		};
/* End XCConfigurationList section */
	};
	rootObject = A1000001221F0000000700 /* Project object */;
}
